
Microsoft Visual Studio Solution File, Format Version 12.00
# Visual Studio 14
VisualStudioVersion = 14.0.25420.1
MinimumVisualStudioVersion = 10.0.40219.1
Project("{FAE04EC0-301F-11D3-BF4B-00C04F79EFBC}") = "Remit.Data", "Remit.Data\Remit.Data.csproj", "{DA9563CE-0908-40C9-AAFE-E5CF4F028A4E}"
EndProject
Project("{FAE04EC0-301F-11D3-BF4B-00C04F79EFBC}") = "Remit.API", "Remit.API\Remit.API.csproj", "{100A5ACE-DEF8-4D52-A30A-560DCB2BBC92}"
EndProject
Project("{FAE04EC0-301F-11D3-BF4B-00C04F79EFBC}") = "Remit.BusinessService", "Remit.BusinessService\Remit.BusinessService.csproj", "{7237050F-C188-4CB9-82CB-0BE68E1CBD24}"
EndProject
Project("{FAE04EC0-301F-11D3-BF4B-00C04F79EFBC}") = "Remit.Entities", "Remit.Entities\Remit.Entities.csproj", "{D610E502-BEF0-4590-ADDB-FE943D4560C6}"
EndProject
Global
	GlobalSection(SolutionConfigurationPlatforms) = preSolution
		Debug|Any CPU = Debug|Any CPU
		Release|Any CPU = Release|Any CPU
	EndGlobalSection
	GlobalSection(ProjectConfigurationPlatforms) = postSolution
		{DA9563CE-0908-40C9-AAFE-E5CF4F028A4E}.Debug|Any CPU.ActiveCfg = Debug|Any CPU
		{DA9563CE-0908-40C9-AAFE-E5CF4F028A4E}.Debug|Any CPU.Build.0 = Debug|Any CPU
		{DA9563CE-0908-40C9-AAFE-E5CF4F028A4E}.Release|Any CPU.ActiveCfg = Release|Any CPU
		{DA9563CE-0908-40C9-AAFE-E5CF4F028A4E}.Release|Any CPU.Build.0 = Release|Any CPU
		{100A5ACE-DEF8-4D52-A30A-560DCB2BBC92}.Debug|Any CPU.ActiveCfg = Debug|Any CPU
		{100A5ACE-DEF8-4D52-A30A-560DCB2BBC92}.Debug|Any CPU.Build.0 = Debug|Any CPU
		{100A5ACE-DEF8-4D52-A30A-560DCB2BBC92}.Release|Any CPU.ActiveCfg = Release|Any CPU
		{100A5ACE-DEF8-4D52-A30A-560DCB2BBC92}.Release|Any CPU.Build.0 = Release|Any CPU
		{7237050F-C188-4CB9-82CB-0BE68E1CBD24}.Debug|Any CPU.ActiveCfg = Debug|Any CPU
		{7237050F-C188-4CB9-82CB-0BE68E1CBD24}.Debug|Any CPU.Build.0 = Debug|Any CPU
		{7237050F-C188-4CB9-82CB-0BE68E1CBD24}.Release|Any CPU.ActiveCfg = Release|Any CPU
		{7237050F-C188-4CB9-82CB-0BE68E1CBD24}.Release|Any CPU.Build.0 = Release|Any CPU
		{D610E502-BEF0-4590-ADDB-FE943D4560C6}.Debug|Any CPU.ActiveCfg = Debug|Any CPU
		{D610E502-BEF0-4590-ADDB-FE943D4560C6}.Debug|Any CPU.Build.0 = Debug|Any CPU
		{D610E502-BEF0-4590-ADDB-FE943D4560C6}.Release|Any CPU.ActiveCfg = Release|Any CPU
		{D610E502-BEF0-4590-ADDB-FE943D4560C6}.Release|Any CPU.Build.0 = Release|Any CPU
	EndGlobalSection
	GlobalSection(SolutionProperties) = preSolution
		HideSolutionNode = FALSE
	EndGlobalSection
EndGlobal
